PODS:
  - DryAlipay-iOS (0.0.2):
    - UTDID
  - UTDID (1.0.0)

DEPENDENCIES:
  - DryAlipay-iOS (from `../`)

SPEC REPOS:
  trunk:
    - UTDID

EXTERNAL SOURCES:
  DryAlipay-iOS:
    :path: "../"

SPEC CHECKSUMS:
  DryAlipay-iOS: 2cef7182c8103c4d0753e3eea6cd145f3fe4bdcf
  UTDID: 05c4737c8cf5c210e86d0235570816ed00e023e8

PODFILE CHECKSUM: e0e54c6164e4047cfaa086fd6056d6f1f7998209

COCOAPODS: 1.8.3
