PODS:
  - AlipaySDK-iOS (15.5.9)
  - DryAlipay-iOS (0.0.1):
    - AlipaySDK-iOS

DEPENDENCIES:
  - DryAlipay-iOS (from `../`)

SPEC REPOS:
  https://github.com/cocoapods/specs.git:
    - AlipaySDK-iOS

EXTERNAL SOURCES:
  DryAlipay-iOS:
    :path: "../"

SPEC CHECKSUMS:
  AlipaySDK-iOS: 1c5283b30977a24acecc0114662697f7dc78f618
  DryAlipay-iOS: c46a859a989a9e18cca90eb44755268042fd3c93

PODFILE CHECKSUM: e0e54c6164e4047cfaa086fd6056d6f1f7998209

COCOAPODS: 1.7.4
